{
  "name": "colectie",
  "version": "1.0.0",
  "lockfileVersion": 1,
  "requires": true,
  "dependencies": {
    "bootstrap": {
      "version": "3.4.1",
      "resolved": "https://registry.npmjs.org/bootstrap/-/bootstrap-3.4.1.tgz",
      "integrity": "sha512-yN5oZVmRCwe5aKwzRj6736nSmKDX7pLYwsXiCj/EYmo16hODaBiT4En5btW/jhBF/seV+XMx3aYwukYC3A49DA==",
      "dev": true
    },
    "defi": {
      "version": "0.0.38",
      "resolved": "https://registry.npmjs.org/defi/-/defi-0.0.38.tgz",
      "integrity": "sha512-R3iKWFT30evwy9Xty8DLdyxsuTqSNWxEVYRaV+rJ80BwPN1oJOLQPthdYNf2JGidmErGgU0ewcMBjpX9Fxnpeg==",
      "dev": true
    },
    "gasparesganga-jquery-loading-overlay": {
      "version": "2.1.6",
      "resolved": "https://registry.npmjs.org/gasparesganga-jquery-loading-overlay/-/gasparesganga-jquery-loading-overlay-2.1.6.tgz",
      "integrity": "sha512-dcHST/V1PyzPiZXStx7/Bu47aduo8vi2S9m6MlHACcP9gpZmqmyQaOBMm3dSQ34ZOlomfHkXBHPlmsrK7vWkTg==",
      "dev": true,
      "requires": {
        "jquery": ">=1.7.0"
      }
    },
    "immediate": {
      "version": "3.0.6",
      "resolved": "https://registry.npmjs.org/immediate/-/immediate-3.0.6.tgz",
      "integrity": "sha1-nbHb0Pr43m++D13V5Wu2BigN5ps=",
      "dev": true
    },
    "jquery": {
      "version": "3.3.1",
      "resolved": "https://registry.npmjs.org/jquery/-/jquery-3.3.1.tgz",
      "integrity": "sha512-Ubldcmxp5np52/ENotGxlLe6aGMvmF4R8S6tZjsP6Knsaxd/xp3Zrh50cG93lR6nPXyUFwzN3ZSOQI0wRJNdGg==",
      "dev": true
    },
    "lie": {
      "version": "3.1.1",
      "resolved": "https://registry.npmjs.org/lie/-/lie-3.1.1.tgz",
      "integrity": "sha1-mkNrLMd0bKWd56QfpGmz77dr2H4=",
      "dev": true,
      "requires": {
        "immediate": "~3.0.5"
      }
    },
    "localforage": {
      "version": "1.7.3",
      "resolved": "https://registry.npmjs.org/localforage/-/localforage-1.7.3.tgz",
      "integrity": "sha512-1TulyYfc4udS7ECSBT2vwJksWbkwwTX8BzeUIiq8Y07Riy7bDAAnxDaPU/tWyOVmQAcWJIEIFP9lPfBGqVoPgQ==",
      "dev": true,
      "requires": {
        "lie": "3.1.1"
      }
    }
  }
}
